
Microsoft Visual Studio Solution File, Format Version 12.00
# Visual Studio Version 16
VisualStudioVersion = 16.0.31729.503
MinimumVisualStudioVersion = 10.0.40219.1
Project("{FAE04EC0-301F-11D3-BF4B-00C04F79EFBC}") = "BasicSkillProject", "BasicSkillProject\BasicSkillProject.csproj", "{F1D32419-05B6-4AAF-8971-61F30497AA1C}"
EndProject
Global
	GlobalSection(SolutionConfigurationPlatforms) = preSolution
		Debug|Any CPU = Debug|Any CPU
		Release|Any CPU = Release|Any CPU
	EndGlobalSection
	GlobalSection(ProjectConfigurationPlatforms) = postSolution
		{F1D32419-05B6-4AAF-8971-61F30497AA1C}.Debug|Any CPU.ActiveCfg = Debug|Any CPU
		{F1D32419-05B6-4AAF-8971-61F30497AA1C}.Debug|Any CPU.Build.0 = Debug|Any CPU
		{F1D32419-05B6-4AAF-8971-61F30497AA1C}.Release|Any CPU.ActiveCfg = Release|Any CPU
		{F1D32419-05B6-4AAF-8971-61F30497AA1C}.Release|Any CPU.Build.0 = Release|Any CPU
	EndGlobalSection
	GlobalSection(SolutionProperties) = preSolution
		HideSolutionNode = FALSE
	EndGlobalSection
	GlobalSection(ExtensibilityGlobals) = postSolution
		SolutionGuid = {434BE81B-37D9-44EA-AFC4-C908D2655BB6}
	EndGlobalSection
EndGlobal
